
Microsoft Visual Studio Solution File, Format Version 12.00
# Visual Studio 15
VisualStudioVersion = 15.0.28307.1525
MinimumVisualStudioVersion = 10.0.40219.1
Project("{F184B08F-C81C-45F6-A57F-5ABD9991F28F}") = "computeNumbers", "computeNumbers\computeNumbers.vbproj", "{3484A26F-2106-4715-BA1A-4B22B29B91C6}"
EndProject
Global
	GlobalSection(SolutionConfigurationPlatforms) = preSolution
		Debug|Any CPU = Debug|Any CPU
		Release|Any CPU = Release|Any CPU
	EndGlobalSection
	GlobalSection(ProjectConfigurationPlatforms) = postSolution
		{3484A26F-2106-4715-BA1A-4B22B29B91C6}.Debug|Any CPU.ActiveCfg = Debug|Any CPU
		{3484A26F-2106-4715-BA1A-4B22B29B91C6}.Debug|Any CPU.Build.0 = Debug|Any CPU
		{3484A26F-2106-4715-BA1A-4B22B29B91C6}.Release|Any CPU.ActiveCfg = Release|Any CPU
		{3484A26F-2106-4715-BA1A-4B22B29B91C6}.Release|Any CPU.Build.0 = Release|Any CPU
	EndGlobalSection
	GlobalSection(SolutionProperties) = preSolution
		HideSolutionNode = FALSE
	EndGlobalSection
	GlobalSection(ExtensibilityGlobals) = postSolution
		SolutionGuid = {72BFF339-E106-4181-91F9-B6740EDCD554}
	EndGlobalSection
EndGlobal
