
Microsoft Visual Studio Solution File, Format Version 12.00
# Visual Studio 2012
Project("{F184B08F-C81C-45F6-A57F-5ABD9991F28F}") = "DreamVacationCalculator", "DreamVacationCalculator\DreamVacationCalculator.vbproj", "{0637C9D9-3ADD-453E-BA10-93641211A122}"
EndProject
Global
	GlobalSection(SolutionConfigurationPlatforms) = preSolution
		Debug|Any CPU = Debug|Any CPU
		Release|Any CPU = Release|Any CPU
	EndGlobalSection
	GlobalSection(ProjectConfigurationPlatforms) = postSolution
		{0637C9D9-3ADD-453E-BA10-93641211A122}.Debug|Any CPU.ActiveCfg = Debug|Any CPU
		{0637C9D9-3ADD-453E-BA10-93641211A122}.Debug|Any CPU.Build.0 = Debug|Any CPU
		{0637C9D9-3ADD-453E-BA10-93641211A122}.Release|Any CPU.ActiveCfg = Release|Any CPU
		{0637C9D9-3ADD-453E-BA10-93641211A122}.Release|Any CPU.Build.0 = Release|Any CPU
	EndGlobalSection
	GlobalSection(SolutionProperties) = preSolution
		HideSolutionNode = FALSE
	EndGlobalSection
EndGlobal
