
Microsoft Visual Studio Solution File, Format Version 12.00
# Visual Studio 2012
Project("{F184B08F-C81C-45F6-A57F-5ABD9991F28F}") = "SwimmingClub", "SwimmingClub\SwimmingClub.vbproj", "{C049E1A4-3CA9-47C5-85D8-261F2CC8806C}"
EndProject
Global
	GlobalSection(SolutionConfigurationPlatforms) = preSolution
		Debug|Any CPU = Debug|Any CPU
		Release|Any CPU = Release|Any CPU
	EndGlobalSection
	GlobalSection(ProjectConfigurationPlatforms) = postSolution
		{C049E1A4-3CA9-47C5-85D8-261F2CC8806C}.Debug|Any CPU.ActiveCfg = Debug|Any CPU
		{C049E1A4-3CA9-47C5-85D8-261F2CC8806C}.Debug|Any CPU.Build.0 = Debug|Any CPU
		{C049E1A4-3CA9-47C5-85D8-261F2CC8806C}.Release|Any CPU.ActiveCfg = Release|Any CPU
		{C049E1A4-3CA9-47C5-85D8-261F2CC8806C}.Release|Any CPU.Build.0 = Release|Any CPU
	EndGlobalSection
	GlobalSection(SolutionProperties) = preSolution
		HideSolutionNode = FALSE
	EndGlobalSection
EndGlobal
