
Microsoft Visual Studio Solution File, Format Version 12.00
# Visual Studio 2012
Project("{F184B08F-C81C-45F6-A57F-5ABD9991F28F}") = "Question_3", "Question_3\Question_3.vbproj", "{27E21F0E-1FC4-40E5-AD50-E5D24B506A83}"
EndProject
Global
	GlobalSection(SolutionConfigurationPlatforms) = preSolution
		Debug|Any CPU = Debug|Any CPU
		Release|Any CPU = Release|Any CPU
	EndGlobalSection
	GlobalSection(ProjectConfigurationPlatforms) = postSolution
		{27E21F0E-1FC4-40E5-AD50-E5D24B506A83}.Debug|Any CPU.ActiveCfg = Debug|Any CPU
		{27E21F0E-1FC4-40E5-AD50-E5D24B506A83}.Debug|Any CPU.Build.0 = Debug|Any CPU
		{27E21F0E-1FC4-40E5-AD50-E5D24B506A83}.Release|Any CPU.ActiveCfg = Release|Any CPU
		{27E21F0E-1FC4-40E5-AD50-E5D24B506A83}.Release|Any CPU.Build.0 = Release|Any CPU
	EndGlobalSection
	GlobalSection(SolutionProperties) = preSolution
		HideSolutionNode = FALSE
	EndGlobalSection
EndGlobal
